
Microsoft Visual Studio Solution File, Format Version 12.00
# Visual Studio 15
VisualStudioVersion = 15.0.26228.9
MinimumVisualStudioVersion = 10.0.40219.1
Project("{8BC9CEB8-8B4A-11D0-8D11-00A0C91BC942}") = "Win32D_DialogBox", "Win32D_DialogBox\Win32D_DialogBox.vcxproj", "{AF40B735-73AC-453A-AEDB-CBDF069158DE}"
EndProject
Global
	GlobalSection(SolutionConfigurationPlatforms) = preSolution
		Debug|x64 = Debug|x64
		Debug|x86 = Debug|x86
		Release|x64 = Release|x64
		Release|x86 = Release|x86
	EndGlobalSection
	GlobalSection(ProjectConfigurationPlatforms) = postSolution
		{AF40B735-73AC-453A-AEDB-CBDF069158DE}.Debug|x64.ActiveCfg = Debug|x64
		{AF40B735-73AC-453A-AEDB-CBDF069158DE}.Debug|x64.Build.0 = Debug|x64
		{AF40B735-73AC-453A-AEDB-CBDF069158DE}.Debug|x86.ActiveCfg = Debug|Win32
		{AF40B735-73AC-453A-AEDB-CBDF069158DE}.Debug|x86.Build.0 = Debug|Win32
		{AF40B735-73AC-453A-AEDB-CBDF069158DE}.Release|x64.ActiveCfg = Release|x64
		{AF40B735-73AC-453A-AEDB-CBDF069158DE}.Release|x64.Build.0 = Release|x64
		{AF40B735-73AC-453A-AEDB-CBDF069158DE}.Release|x86.ActiveCfg = Release|Win32
		{AF40B735-73AC-453A-AEDB-CBDF069158DE}.Release|x86.Build.0 = Release|Win32
	EndGlobalSection
	GlobalSection(SolutionProperties) = preSolution
		HideSolutionNode = FALSE
	EndGlobalSection
EndGlobal
